
Microsoft Visual Studio Solution File, Format Version 12.00
# Visual Studio Version 16
VisualStudioVersion = 16.0.30114.105
MinimumVisualStudioVersion = 10.0.40219.1
Project("{FAE04EC0-301F-11D3-BF4B-00C04F79EFBC}") = "SpellCastIce", "SpellCastIce\SpellCastIce.csproj", "{ED4CAFFC-9B6C-4748-BE67-6EF472E5BDD5}"
EndProject
Global
	GlobalSection(SolutionConfigurationPlatforms) = preSolution
		Debug|Any CPU = Debug|Any CPU
		Release|Any CPU = Release|Any CPU
	EndGlobalSection
	GlobalSection(ProjectConfigurationPlatforms) = postSolution
		{ED4CAFFC-9B6C-4748-BE67-6EF472E5BDD5}.Debug|Any CPU.ActiveCfg = Debug|Any CPU
		{ED4CAFFC-9B6C-4748-BE67-6EF472E5BDD5}.Debug|Any CPU.Build.0 = Debug|Any CPU
		{ED4CAFFC-9B6C-4748-BE67-6EF472E5BDD5}.Release|Any CPU.ActiveCfg = Release|Any CPU
		{ED4CAFFC-9B6C-4748-BE67-6EF472E5BDD5}.Release|Any CPU.Build.0 = Release|Any CPU
	EndGlobalSection
	GlobalSection(SolutionProperties) = preSolution
		HideSolutionNode = FALSE
	EndGlobalSection
	GlobalSection(ExtensibilityGlobals) = postSolution
		SolutionGuid = {CAFD6DE6-4D36-477D-9048-3BD26374DA16}
	EndGlobalSection
EndGlobal
